
Microsoft Visual Studio Solution File, Format Version 12.00
# Visual Studio Version 17
VisualStudioVersion = 17.4.33213.308
MinimumVisualStudioVersion = 10.0.40219.1
Project("{2150E333-8FDC-42A3-9474-1A3956D46DE8}") = "CQRS-ES", "CQRS-ES", "{64BB9EF6-7FD7-44FF-B888-41D3EFB5CE12}"
EndProject
Project("{2150E333-8FDC-42A3-9474-1A3956D46DE8}") = "SM-Post", "SM-Post", "{59DC3216-D8D5-4F72-8AC7-193F4A6E1107}"
EndProject
Project("{2150E333-8FDC-42A3-9474-1A3956D46DE8}") = "Post.Cmd", "Post.Cmd", "{D0B7ECF6-7D78-472B-BF5A-372291205987}"
EndProject
Project("{2150E333-8FDC-42A3-9474-1A3956D46DE8}") = "Post.Query", "Post.Query", "{A3B0ED74-A491-44B1-B0A8-9C64B2A35492}"
EndProject
Project("{9A19103F-16F7-4668-BE54-9A1E7A4F7556}") = "CQRS.Core", "CQRS.Core\CQRS.Core.csproj", "{3537E824-BD14-4A20-90E4-163796F262E8}"
EndProject
Project("{9A19103F-16F7-4668-BE54-9A1E7A4F7556}") = "Post.Cmd.Api", "Post.Cmd.Api\Post.Cmd.Api.csproj", "{C237534D-178D-41AF-A9FC-D4553F712D28}"
EndProject
Project("{9A19103F-16F7-4668-BE54-9A1E7A4F7556}") = "Post.Cmd.Domain", "Post.Cmd.Domain\Post.Cmd.Domain.csproj", "{0D01F143-9F8B-4092-8576-B9E23B214C02}"
EndProject
Project("{9A19103F-16F7-4668-BE54-9A1E7A4F7556}") = "Post.Cmd.Infrastructure", "Post.Cmd.Infrastructure\Post.Cmd.Infrastructure.csproj", "{149135EC-A5C7-4E0E-B266-1176412D3FEA}"
EndProject
Project("{9A19103F-16F7-4668-BE54-9A1E7A4F7556}") = "Post.Query.Api", "Post.Query.Api\Post.Query.Api.csproj", "{F05702E3-3F2A-480E-A57D-55CDDF8974B2}"
EndProject
Project("{9A19103F-16F7-4668-BE54-9A1E7A4F7556}") = "Post.Query.Domain", "Post.Query.Domain\Post.Query.Domain.csproj", "{A41F930A-3986-4989-92BE-8A9C0A59A545}"
EndProject
Project("{9A19103F-16F7-4668-BE54-9A1E7A4F7556}") = "Post.Query.Infrastructure", "Post.Query.Infrastructure\Post.Query.Infrastructure.csproj", "{8B8AD6BD-3205-480B-A8EF-82927D80B386}"
EndProject
Project("{FAE04EC0-301F-11D3-BF4B-00C04F79EFBC}") = "Post.Common", "Post.Common\Post.Common.csproj", "{4F9BDBAF-05BE-400D-A646-F49C57CCD4F8}"
EndProject
Global
	GlobalSection(SolutionConfigurationPlatforms) = preSolution
		Debug|Any CPU = Debug|Any CPU
		Release|Any CPU = Release|Any CPU
	EndGlobalSection
	GlobalSection(ProjectConfigurationPlatforms) = postSolution
		{3537E824-BD14-4A20-90E4-163796F262E8}.Debug|Any CPU.ActiveCfg = Debug|Any CPU
		{3537E824-BD14-4A20-90E4-163796F262E8}.Debug|Any CPU.Build.0 = Debug|Any CPU
		{3537E824-BD14-4A20-90E4-163796F262E8}.Release|Any CPU.ActiveCfg = Release|Any CPU
		{3537E824-BD14-4A20-90E4-163796F262E8}.Release|Any CPU.Build.0 = Release|Any CPU
		{C237534D-178D-41AF-A9FC-D4553F712D28}.Debug|Any CPU.ActiveCfg = Debug|Any CPU
		{C237534D-178D-41AF-A9FC-D4553F712D28}.Debug|Any CPU.Build.0 = Debug|Any CPU
		{C237534D-178D-41AF-A9FC-D4553F712D28}.Release|Any CPU.ActiveCfg = Release|Any CPU
		{C237534D-178D-41AF-A9FC-D4553F712D28}.Release|Any CPU.Build.0 = Release|Any CPU
		{0D01F143-9F8B-4092-8576-B9E23B214C02}.Debug|Any CPU.ActiveCfg = Debug|Any CPU
		{0D01F143-9F8B-4092-8576-B9E23B214C02}.Debug|Any CPU.Build.0 = Debug|Any CPU
		{0D01F143-9F8B-4092-8576-B9E23B214C02}.Release|Any CPU.ActiveCfg = Release|Any CPU
		{0D01F143-9F8B-4092-8576-B9E23B214C02}.Release|Any CPU.Build.0 = Release|Any CPU
		{149135EC-A5C7-4E0E-B266-1176412D3FEA}.Debug|Any CPU.ActiveCfg = Debug|Any CPU
		{149135EC-A5C7-4E0E-B266-1176412D3FEA}.Debug|Any CPU.Build.0 = Debug|Any CPU
		{149135EC-A5C7-4E0E-B266-1176412D3FEA}.Release|Any CPU.ActiveCfg = Release|Any CPU
		{149135EC-A5C7-4E0E-B266-1176412D3FEA}.Release|Any CPU.Build.0 = Release|Any CPU
		{F05702E3-3F2A-480E-A57D-55CDDF8974B2}.Debug|Any CPU.ActiveCfg = Debug|Any CPU
		{F05702E3-3F2A-480E-A57D-55CDDF8974B2}.Debug|Any CPU.Build.0 = Debug|Any CPU
		{F05702E3-3F2A-480E-A57D-55CDDF8974B2}.Release|Any CPU.ActiveCfg = Release|Any CPU
		{F05702E3-3F2A-480E-A57D-55CDDF8974B2}.Release|Any CPU.Build.0 = Release|Any CPU
		{A41F930A-3986-4989-92BE-8A9C0A59A545}.Debug|Any CPU.ActiveCfg = Debug|Any CPU
		{A41F930A-3986-4989-92BE-8A9C0A59A545}.Debug|Any CPU.Build.0 = Debug|Any CPU
		{A41F930A-3986-4989-92BE-8A9C0A59A545}.Release|Any CPU.ActiveCfg = Release|Any CPU
		{A41F930A-3986-4989-92BE-8A9C0A59A545}.Release|Any CPU.Build.0 = Release|Any CPU
		{8B8AD6BD-3205-480B-A8EF-82927D80B386}.Debug|Any CPU.ActiveCfg = Debug|Any CPU
		{8B8AD6BD-3205-480B-A8EF-82927D80B386}.Debug|Any CPU.Build.0 = Debug|Any CPU
		{8B8AD6BD-3205-480B-A8EF-82927D80B386}.Release|Any CPU.ActiveCfg = Release|Any CPU
		{8B8AD6BD-3205-480B-A8EF-82927D80B386}.Release|Any CPU.Build.0 = Release|Any CPU
		{4F9BDBAF-05BE-400D-A646-F49C57CCD4F8}.Debug|Any CPU.ActiveCfg = Debug|Any CPU
		{4F9BDBAF-05BE-400D-A646-F49C57CCD4F8}.Debug|Any CPU.Build.0 = Debug|Any CPU
		{4F9BDBAF-05BE-400D-A646-F49C57CCD4F8}.Release|Any CPU.ActiveCfg = Release|Any CPU
		{4F9BDBAF-05BE-400D-A646-F49C57CCD4F8}.Release|Any CPU.Build.0 = Release|Any CPU
	EndGlobalSection
	GlobalSection(SolutionProperties) = preSolution
		HideSolutionNode = FALSE
	EndGlobalSection
	GlobalSection(NestedProjects) = preSolution
		{D0B7ECF6-7D78-472B-BF5A-372291205987} = {59DC3216-D8D5-4F72-8AC7-193F4A6E1107}
		{A3B0ED74-A491-44B1-B0A8-9C64B2A35492} = {59DC3216-D8D5-4F72-8AC7-193F4A6E1107}
		{3537E824-BD14-4A20-90E4-163796F262E8} = {64BB9EF6-7FD7-44FF-B888-41D3EFB5CE12}
		{C237534D-178D-41AF-A9FC-D4553F712D28} = {D0B7ECF6-7D78-472B-BF5A-372291205987}
		{0D01F143-9F8B-4092-8576-B9E23B214C02} = {D0B7ECF6-7D78-472B-BF5A-372291205987}
		{149135EC-A5C7-4E0E-B266-1176412D3FEA} = {D0B7ECF6-7D78-472B-BF5A-372291205987}
		{F05702E3-3F2A-480E-A57D-55CDDF8974B2} = {A3B0ED74-A491-44B1-B0A8-9C64B2A35492}
		{A41F930A-3986-4989-92BE-8A9C0A59A545} = {A3B0ED74-A491-44B1-B0A8-9C64B2A35492}
		{8B8AD6BD-3205-480B-A8EF-82927D80B386} = {A3B0ED74-A491-44B1-B0A8-9C64B2A35492}
		{4F9BDBAF-05BE-400D-A646-F49C57CCD4F8} = {59DC3216-D8D5-4F72-8AC7-193F4A6E1107}
	EndGlobalSection
	GlobalSection(ExtensibilityGlobals) = postSolution
		SolutionGuid = {71153280-AD44-4C63-980D-CBE2F0567935}
	EndGlobalSection
EndGlobal
